
Microsoft Visual Studio Solution File, Format Version 12.00
# Visual Studio Version 17
VisualStudioVersion = 17.0.32014.148
MinimumVisualStudioVersion = 10.0.40219.1
Project("{FAE04EC0-301F-11D3-BF4B-00C04F79EFBC}") = "1.DAL", "1.DAL\1.DAL.csproj", "{10A3C065-C059-4812-A3C0-40B6AC8FBC0B}"
EndProject
Project("{FAE04EC0-301F-11D3-BF4B-00C04F79EFBC}") = "2.BUS", "2.BUS\2.BUS.csproj", "{F5F131F7-E396-4499-9515-20EB2AF16AA7}"
EndProject
Project("{FAE04EC0-301F-11D3-BF4B-00C04F79EFBC}") = "3.PL", "3.PL\3.PL.csproj", "{2275AEDB-68EF-471D-9DF3-F070308B2EAB}"
EndProject
Global
	GlobalSection(SolutionConfigurationPlatforms) = preSolution
		Debug|Any CPU = Debug|Any CPU
		Release|Any CPU = Release|Any CPU
	EndGlobalSection
	GlobalSection(ProjectConfigurationPlatforms) = postSolution
		{10A3C065-C059-4812-A3C0-40B6AC8FBC0B}.Debug|Any CPU.ActiveCfg = Debug|Any CPU
		{10A3C065-C059-4812-A3C0-40B6AC8FBC0B}.Debug|Any CPU.Build.0 = Debug|Any CPU
		{10A3C065-C059-4812-A3C0-40B6AC8FBC0B}.Release|Any CPU.ActiveCfg = Release|Any CPU
		{10A3C065-C059-4812-A3C0-40B6AC8FBC0B}.Release|Any CPU.Build.0 = Release|Any CPU
		{F5F131F7-E396-4499-9515-20EB2AF16AA7}.Debug|Any CPU.ActiveCfg = Debug|Any CPU
		{F5F131F7-E396-4499-9515-20EB2AF16AA7}.Debug|Any CPU.Build.0 = Debug|Any CPU
		{F5F131F7-E396-4499-9515-20EB2AF16AA7}.Release|Any CPU.ActiveCfg = Release|Any CPU
		{F5F131F7-E396-4499-9515-20EB2AF16AA7}.Release|Any CPU.Build.0 = Release|Any CPU
		{2275AEDB-68EF-471D-9DF3-F070308B2EAB}.Debug|Any CPU.ActiveCfg = Debug|Any CPU
		{2275AEDB-68EF-471D-9DF3-F070308B2EAB}.Debug|Any CPU.Build.0 = Debug|Any CPU
		{2275AEDB-68EF-471D-9DF3-F070308B2EAB}.Release|Any CPU.ActiveCfg = Release|Any CPU
		{2275AEDB-68EF-471D-9DF3-F070308B2EAB}.Release|Any CPU.Build.0 = Release|Any CPU
	EndGlobalSection
	GlobalSection(SolutionProperties) = preSolution
		HideSolutionNode = FALSE
	EndGlobalSection
	GlobalSection(ExtensibilityGlobals) = postSolution
		SolutionGuid = {03FBBC15-D68A-4735-86AA-60861CF374AB}
	EndGlobalSection
EndGlobal
